{
  "name": "@marfeel/eslint-config-jest",
  "version": "1.0.0",
  "lockfileVersion": 1,
  "requires": true,
  "dependencies": {
    "acorn": {
      "version": "7.1.0",
      "resolved": "https://registry.npmjs.org/acorn/-/acorn-7.1.0.tgz",
      "integrity": "sha512-kL5CuoXA/dgxlBbVrflsflzQ3PAas7RYZB52NOm/6839iVYJgKMJ3cQJD+t2i5+qFa8h3MDpEOJiS64E8JLnSQ=="
    },
    "acorn-jsx": {
      "version": "5.1.0",
      "resolved": "https://registry.npmjs.org/acorn-jsx/-/acorn-jsx-5.1.0.tgz",
      "integrity": "sha512-tMUqwBWfLFbJbizRmEcWSLw6HnFzfdJs2sOJEOwwtVPMoH/0Ay+E703oZz78VSXZiiDcZrQ5XKjPIUQixhmgVw=="
    },
    "debug": {
      "version": "4.1.1",
      "resolved": "https://registry.npmjs.org/debug/-/debug-4.1.1.tgz",
      "integrity": "sha512-pYAIzeRo8J6KPEaJ0VWOh5Pzkbw/RetuzehGM7QRRX5he4fPHx2rdKMB256ehJCkX+XRQm16eZLqLNS8RSZXZw==",
      "requires": {
        "ms": "^2.1.1"
      }
    },
    "eslint-plugin-vue": {
      "version": "6.1.1",
      "resolved": "https://registry.npmjs.org/eslint-plugin-vue/-/eslint-plugin-vue-6.1.1.tgz",
      "integrity": "sha512-WsJcndi3iOtKF+Wkrw7mWiKT3GdGYUM8onbWYX7sBgggiFKoxHyx8VciA5letkx6iKzoW4B7XrBeVdTukmrtpg==",
      "requires": {
        "vue-eslint-parser": "^7.0.0"
      }
    },
    "eslint-scope": {
      "version": "5.0.0",
      "resolved": "https://registry.npmjs.org/eslint-scope/-/eslint-scope-5.0.0.tgz",
      "integrity": "sha512-oYrhJW7S0bxAFDvWqzvMPRm6pcgcnWc4QnofCAqRTRfQC0JcwenzGglTtsLyIuuWFfkqDG9vz67cnttSd53djw==",
      "requires": {
        "esrecurse": "^4.1.0",
        "estraverse": "^4.1.1"
      }
    },
    "eslint-visitor-keys": {
      "version": "1.1.0",
      "resolved": "https://registry.npmjs.org/eslint-visitor-keys/-/eslint-visitor-keys-1.1.0.tgz",
      "integrity": "sha512-8y9YjtM1JBJU/A9Kc+SbaOV4y29sSWckBwMHa+FGtVj5gN/sbnKDf6xJUl+8g7FAij9LVaP8C24DUiH/f/2Z9A=="
    },
    "espree": {
      "version": "6.1.2",
      "resolved": "https://registry.npmjs.org/espree/-/espree-6.1.2.tgz",
      "integrity": "sha512-2iUPuuPP+yW1PZaMSDM9eyVf8D5P0Hi8h83YtZ5bPc/zHYjII5khoixIUTMO794NOY8F/ThF1Bo8ncZILarUTA==",
      "requires": {
        "acorn": "^7.1.0",
        "acorn-jsx": "^5.1.0",
        "eslint-visitor-keys": "^1.1.0"
      }
    },
    "esquery": {
      "version": "1.0.1",
      "resolved": "https://registry.npmjs.org/esquery/-/esquery-1.0.1.tgz",
      "integrity": "sha512-SmiyZ5zIWH9VM+SRUReLS5Q8a7GxtRdxEBVZpm98rJM7Sb+A9DVCndXfkeFUd3byderg+EbDkfnevfCwynWaNA==",
      "requires": {
        "estraverse": "^4.0.0"
      }
    },
    "esrecurse": {
      "version": "4.2.1",
      "resolved": "https://registry.npmjs.org/esrecurse/-/esrecurse-4.2.1.tgz",
      "integrity": "sha512-64RBB++fIOAXPw3P9cy89qfMlvZEXZkqqJkjqqXIvzP5ezRZjW+lPWjw35UX/3EhUPFYbg5ER4JYgDw4007/DQ==",
      "requires": {
        "estraverse": "^4.1.0"
      }
    },
    "estraverse": {
      "version": "4.3.0",
      "resolved": "https://registry.npmjs.org/estraverse/-/estraverse-4.3.0.tgz",
      "integrity": "sha512-39nnKffWz8xN1BU/2c79n9nB9HDzo0niYUqx6xyqUnyoAnQyyWpOTdZEeiCch8BBu515t4wp9ZmgVfVhn9EBpw=="
    },
    "lodash": {
      "version": "4.17.15",
      "resolved": "https://registry.npmjs.org/lodash/-/lodash-4.17.15.tgz",
      "integrity": "sha512-8xOcRHvCjnocdS5cpwXQXVzmmh5e5+saE2QGoeQmbKmRS6J3VQppPOIt0MnmE+4xlZoumy0GPG0D0MVIQbNA1A=="
    },
    "ms": {
      "version": "2.1.2",
      "resolved": "https://registry.npmjs.org/ms/-/ms-2.1.2.tgz",
      "integrity": "sha512-sGkPx+VjMtmA6MX27oA4FBFELFCZZ4S4XqeGOXCv68tT+jb3vk/RyaKWP0PTKyWtmLSM0b+adUTEvbs1PEaH2w=="
    },
    "vue-eslint-parser": {
      "version": "7.0.0",
      "resolved": "https://registry.npmjs.org/vue-eslint-parser/-/vue-eslint-parser-7.0.0.tgz",
      "integrity": "sha512-yR0dLxsTT7JfD2YQo9BhnQ6bUTLsZouuzt9SKRP7XNaZJV459gvlsJo4vT2nhZ/2dH9j3c53bIx9dnqU2prM9g==",
      "requires": {
        "debug": "^4.1.1",
        "eslint-scope": "^5.0.0",
        "eslint-visitor-keys": "^1.1.0",
        "espree": "^6.1.2",
        "esquery": "^1.0.1",
        "lodash": "^4.17.15"
      }
    }
  }
}
